
Microsoft Visual Studio Solution File, Format Version 12.00
# Visual Studio Version 16
VisualStudioVersion = 16.0.33328.57
MinimumVisualStudioVersion = 10.0.40219.1
Project("{FAE04EC0-301F-11D3-BF4B-00C04F79EFBC}") = "Trash_2", "Trash_2\Trash_2.csproj", "{28E1BBA7-CB88-4D8B-8C47-88EE067883E6}"
EndProject
Global
	GlobalSection(SolutionConfigurationPlatforms) = preSolution
		Debug|Any CPU = Debug|Any CPU
		Release|Any CPU = Release|Any CPU
	EndGlobalSection
	GlobalSection(ProjectConfigurationPlatforms) = postSolution
		{28E1BBA7-CB88-4D8B-8C47-88EE067883E6}.Debug|Any CPU.ActiveCfg = Debug|Any CPU
		{28E1BBA7-CB88-4D8B-8C47-88EE067883E6}.Debug|Any CPU.Build.0 = Debug|Any CPU
		{28E1BBA7-CB88-4D8B-8C47-88EE067883E6}.Release|Any CPU.ActiveCfg = Release|Any CPU
		{28E1BBA7-CB88-4D8B-8C47-88EE067883E6}.Release|Any CPU.Build.0 = Release|Any CPU
	EndGlobalSection
	GlobalSection(SolutionProperties) = preSolution
		HideSolutionNode = FALSE
	EndGlobalSection
	GlobalSection(ExtensibilityGlobals) = postSolution
		SolutionGuid = {0A14A89D-93F9-4068-90F5-062E8DA4E232}
	EndGlobalSection
EndGlobal
